<?xml version="1.0" encoding="utf-8"?>
<Project ToolsVersion="4.0" xmlns="http://schemas.microsoft.com/developer/msbuild/2003">
  <ItemGroup>
    <Filter Include="Source Files">
      <UniqueIdentifier>{4FC737F1-C7A5-4376-A066-2A32D752A2FF}</UniqueIdentifier>
      <Extensions>cpp;c;cc;cxx;c++;cppm;ixx;def;odl;idl;hpj;bat;asm;asmx</Extensions>
    </Filter>
    <Filter Include="Header Files">
      <UniqueIdentifier>{93995380-89BD-4b04-88EB-625FBE52EBFB}</UniqueIdentifier>
      <Extensions>h;hh;hpp;hxx;h++;hm;inl;inc;ipp;xsd</Extensions>
    </Filter>
    <Filter Include="Resource Files">
      <UniqueIdentifier>{67DA6AB6-F800-4c08-8B7A-83BB121AAD01}</UniqueIdentifier>
      <Extensions>rc;ico;cur;bmp;dlg;rc2;rct;bin;rgs;gif;jpg;jpeg;jpe;resx;tiff;tif;png;wav;mfcribbon-ms</Extensions>
    </Filter>
    <Filter Include="Header Files\Scenes">
      <UniqueIdentifier>{1e9241e4-c717-4fa1-bc13-9dc0356660b4}</UniqueIdentifier>
    </Filter>
    <Filter Include="Source Files\Scenes">
      <UniqueIdentifier>{53f1808d-3672-4da1-b375-f1f50fba972e}</UniqueIdentifier>
    </Filter>
    <Filter Include="Header Files\Game Objects">
      <UniqueIdentifier>{5e0a8d68-c1f0-4ef1-b2bc-b09b409666fd}</UniqueIdentifier>
    </Filter>
    <Filter Include="Source Files\Game Objects">
      <UniqueIdentifier>{b6711690-f10f-45e2-a3ca-7d566d347cde}</UniqueIdentifier>
    </Filter>
    <Filter Include="Header Files\Transition Effects">
      <UniqueIdentifier>{962f9fb8-f6a6-43c4-af12-e487c9dd64ae}</UniqueIdentifier>
    </Filter>
    <Filter Include="Source Files\Transition Effects">
      <UniqueIdentifier>{2a1dfb14-31d7-4551-84fd-b095068c6d36}</UniqueIdentifier>
    </Filter>
    <Filter Include="Header Files\OwllEngine">
      <UniqueIdentifier>{609e94b6-92da-430c-b32e-1505bdb32314}</UniqueIdentifier>
    </Filter>
    <Filter Include="Source Files\OwllEngine">
      <UniqueIdentifier>{4bf75967-ffcf-4bbc-bd97-7bfa92713114}</UniqueIdentifier>
    </Filter>
  </ItemGroup>
  <ItemGroup>
    <ClCompile Include="main.cpp">
      <Filter>Source Files</Filter>
    </ClCompile>
    <ClCompile Include="AppEngine.cpp">
      <Filter>Source Files\OwllEngine</Filter>
    </ClCompile>
    <ClCompile Include="InputManager.cpp">
      <Filter>Source Files\OwllEngine</Filter>
    </ClCompile>
    <ClCompile Include="SceneMachine.cpp">
      <Filter>Source Files\OwllEngine</Filter>
    </ClCompile>
    <ClCompile Include="GameScene.cpp">
      <Filter>Source Files\Scenes</Filter>
    </ClCompile>
    <ClCompile Include="MainMenuScene.cpp">
      <Filter>Source Files\Scenes</Filter>
    </ClCompile>
    <ClCompile Include="SplashScene.cpp">
      <Filter>Source Files\Scenes</Filter>
    </ClCompile>
    <ClCompile Include="Land.cpp">
      <Filter>Source Files\Game Objects</Filter>
    </ClCompile>
    <ClCompile Include="Pillar.cpp">
      <Filter>Source Files\Game Objects</Filter>
    </ClCompile>
    <ClCompile Include="Player.cpp">
      <Filter>Source Files\Game Objects</Filter>
    </ClCompile>
    <ClCompile Include="Collision.cpp">
      <Filter>Source Files\OwllEngine</Filter>
    </ClCompile>
    <ClCompile Include="Flash.cpp">
      <Filter>Source Files\Transition Effects</Filter>
    </ClCompile>
    <ClCompile Include="GameOverScene.cpp">
      <Filter>Source Files\Scenes</Filter>
    </ClCompile>
  </ItemGroup>
  <ItemGroup>
    <ClInclude Include="DEFINITIONS.hpp">
      <Filter>Header Files</Filter>
    </ClInclude>
    <ClInclude Include="InputManager.hpp">
      <Filter>Header Files\OwllEngine</Filter>
    </ClInclude>
    <ClInclude Include="Scene.hpp">
      <Filter>Header Files\OwllEngine</Filter>
    </ClInclude>
    <ClInclude Include="AppEngine.hpp">
      <Filter>Header Files\OwllEngine</Filter>
    </ClInclude>
    <ClInclude Include="SceneMachine.hpp">
      <Filter>Header Files\OwllEngine</Filter>
    </ClInclude>
    <ClInclude Include="GameScene.hpp">
      <Filter>Header Files\Scenes</Filter>
    </ClInclude>
    <ClInclude Include="MainMenuScene.hpp">
      <Filter>Header Files\Scenes</Filter>
    </ClInclude>
    <ClInclude Include="SplashScene.hpp">
      <Filter>Header Files\Scenes</Filter>
    </ClInclude>
    <ClInclude Include="Land.hpp">
      <Filter>Header Files\Game Objects</Filter>
    </ClInclude>
    <ClInclude Include="Player.hpp">
      <Filter>Header Files\Game Objects</Filter>
    </ClInclude>
    <ClInclude Include="Collision.hpp">
      <Filter>Header Files\OwllEngine</Filter>
    </ClInclude>
    <ClInclude Include="Flash.hpp">
      <Filter>Header Files\Transition Effects</Filter>
    </ClInclude>
    <ClInclude Include="Pillar.hpp">
      <Filter>Header Files\Game Objects</Filter>
    </ClInclude>
    <ClInclude Include="GameOverScene.hpp">
      <Filter>Header Files\Scenes</Filter>
    </ClInclude>
  </ItemGroup>
</Project>